// !$*UTF8*$!
{
	archiveVersion = 1;
	classes = {
	};
	objectVersion = 56;
	objects = {

/* Begin PBXBuildFile section */
		B56349292937E77F00A0612E /* AppDelegate.swift in Sources */ = {isa = PBXBuildFile; fileRef = B56349282937E77F00A0612E /* AppDelegate.swift */; };
		B563492B2937E77F00A0612E /* SceneDelegate.swift in Sources */ = {isa = PBXBuildFile; fileRef = B563492A2937E77F00A0612E /* SceneDelegate.swift */; };
		B56349332937E77F00A0612E /* WeatherApp.xcdatamodeld in Sources */ = {isa = PBXBuildFile; fileRef = B56349312937E77F00A0612E /* WeatherApp.xcdatamodeld */; };
		B56349352937E78000A0612E /* Assets.xcassets in Resources */ = {isa = PBXBuildFile; fileRef = B56349342937E78000A0612E /* Assets.xcassets */; };
		B56349382937E78000A0612E /* LaunchScreen.storyboard in Resources */ = {isa = PBXBuildFile; fileRef = B56349362937E78000A0612E /* LaunchScreen.storyboard */; };
		B56349442937E82100A0612E /* Coordinator.swift in Sources */ = {isa = PBXBuildFile; fileRef = B56349432937E82100A0612E /* Coordinator.swift */; };
		B56349462937ECE400A0612E /* MainCoordinator.swift in Sources */ = {isa = PBXBuildFile; fileRef = B56349452937ECE400A0612E /* MainCoordinator.swift */; };
		B56349482937ED4500A0612E /* MainViewController.swift in Sources */ = {isa = PBXBuildFile; fileRef = B56349472937ED4500A0612E /* MainViewController.swift */; };
		B563494D2937F17100A0612E /* WeatherModels.swift in Sources */ = {isa = PBXBuildFile; fileRef = B563494A2937F17100A0612E /* WeatherModels.swift */; };
		B563494E2937F17100A0612E /* LocationManager.swift in Sources */ = {isa = PBXBuildFile; fileRef = B563494B2937F17100A0612E /* LocationManager.swift */; };
		B563494F2937F17100A0612E /* WeatherManager.swift in Sources */ = {isa = PBXBuildFile; fileRef = B563494C2937F17100A0612E /* WeatherManager.swift */; };
		B56349522937F1B500A0612E /* OnboardingViewController.swift in Sources */ = {isa = PBXBuildFile; fileRef = B56349512937F1B500A0612E /* OnboardingViewController.swift */; };
		B56349542937F1C400A0612E /* SettingsViewController.swift in Sources */ = {isa = PBXBuildFile; fileRef = B56349532937F1C400A0612E /* SettingsViewController.swift */; };
		B56349562937F1EB00A0612E /* DailyViewController.swift in Sources */ = {isa = PBXBuildFile; fileRef = B56349552937F1EB00A0612E /* DailyViewController.swift */; };
		B56349582937F21600A0612E /* DetailsViewController.swift in Sources */ = {isa = PBXBuildFile; fileRef = B56349572937F21600A0612E /* DetailsViewController.swift */; };
		B563495D2937F52500A0612E /* Rubik-VariableFont_wght.ttf in Resources */ = {isa = PBXBuildFile; fileRef = B563495B2937F43B00A0612E /* Rubik-VariableFont_wght.ttf */; };
		B56349602937FA0200A0612E /* Styles.swift in Sources */ = {isa = PBXBuildFile; fileRef = B563495F2937FA0200A0612E /* Styles.swift */; };
		B56349622938C39600A0612E /* OrangeButton.swift in Sources */ = {isa = PBXBuildFile; fileRef = B56349612938C39600A0612E /* OrangeButton.swift */; };
		B563496A2938FB4600A0612E /* CurrentTableViewCell.swift in Sources */ = {isa = PBXBuildFile; fileRef = B56349692938FB4600A0612E /* CurrentTableViewCell.swift */; };
		B563496C2938FB5500A0612E /* HourlyTableViewCell.swift in Sources */ = {isa = PBXBuildFile; fileRef = B563496B2938FB5500A0612E /* HourlyTableViewCell.swift */; };
		B563496E2938FB6D00A0612E /* DailyTitleTableViewCell.swift in Sources */ = {isa = PBXBuildFile; fileRef = B563496D2938FB6D00A0612E /* DailyTitleTableViewCell.swift */; };
		B56349702938FB7900A0612E /* DailyTableViewCell.swift in Sources */ = {isa = PBXBuildFile; fileRef = B563496F2938FB7900A0612E /* DailyTableViewCell.swift */; };
/* End PBXBuildFile section */

/* Begin PBXFileReference section */
		B56349252937E77F00A0612E /* WeatherApp.app */ = {isa = PBXFileReference; explicitFileType = wrapper.application; includeInIndex = 0; path = WeatherApp.app; sourceTree = BUILT_PRODUCTS_DIR; };
		B56349282937E77F00A0612E /* AppDelegate.swift */ = {isa = PBXFileReference; lastKnownFileType = sourcecode.swift; path = AppDelegate.swift; sourceTree = "<group>"; };
		B563492A2937E77F00A0612E /* SceneDelegate.swift */ = {isa = PBXFileReference; lastKnownFileType = sourcecode.swift; path = SceneDelegate.swift; sourceTree = "<group>"; };
		B56349322937E77F00A0612E /* WeatherApp.xcdatamodel */ = {isa = PBXFileReference; lastKnownFileType = wrapper.xcdatamodel; path = WeatherApp.xcdatamodel; sourceTree = "<group>"; };
		B56349342937E78000A0612E /* Assets.xcassets */ = {isa = PBXFileReference; lastKnownFileType = folder.assetcatalog; path = Assets.xcassets; sourceTree = "<group>"; };
		B56349372937E78000A0612E /* Base */ = {isa = PBXFileReference; lastKnownFileType = file.storyboard; name = Base; path = Base.lproj/LaunchScreen.storyboard; sourceTree = "<group>"; };
		B56349392937E78000A0612E /* Info.plist */ = {isa = PBXFileReference; lastKnownFileType = text.plist.xml; path = Info.plist; sourceTree = "<group>"; };
		B56349432937E82100A0612E /* Coordinator.swift */ = {isa = PBXFileReference; lastKnownFileType = sourcecode.swift; path = Coordinator.swift; sourceTree = "<group>"; };
		B56349452937ECE400A0612E /* MainCoordinator.swift */ = {isa = PBXFileReference; lastKnownFileType = sourcecode.swift; path = MainCoordinator.swift; sourceTree = "<group>"; };
		B56349472937ED4500A0612E /* MainViewController.swift */ = {isa = PBXFileReference; lastKnownFileType = sourcecode.swift; path = MainViewController.swift; sourceTree = "<group>"; };
		B563494A2937F17100A0612E /* WeatherModels.swift */ = {isa = PBXFileReference; fileEncoding = 4; lastKnownFileType = sourcecode.swift; path = WeatherModels.swift; sourceTree = "<group>"; };
		B563494B2937F17100A0612E /* LocationManager.swift */ = {isa = PBXFileReference; fileEncoding = 4; lastKnownFileType = sourcecode.swift; path = LocationManager.swift; sourceTree = "<group>"; };
		B563494C2937F17100A0612E /* WeatherManager.swift */ = {isa = PBXFileReference; fileEncoding = 4; lastKnownFileType = sourcecode.swift; path = WeatherManager.swift; sourceTree = "<group>"; };
		B56349512937F1B500A0612E /* OnboardingViewController.swift */ = {isa = PBXFileReference; lastKnownFileType = sourcecode.swift; path = OnboardingViewController.swift; sourceTree = "<group>"; };
		B56349532937F1C400A0612E /* SettingsViewController.swift */ = {isa = PBXFileReference; lastKnownFileType = sourcecode.swift; path = SettingsViewController.swift; sourceTree = "<group>"; };
		B56349552937F1EB00A0612E /* DailyViewController.swift */ = {isa = PBXFileReference; lastKnownFileType = sourcecode.swift; path = DailyViewController.swift; sourceTree = "<group>"; };
		B56349572937F21600A0612E /* DetailsViewController.swift */ = {isa = PBXFileReference; lastKnownFileType = sourcecode.swift; path = DetailsViewController.swift; sourceTree = "<group>"; };
		B563495B2937F43B00A0612E /* Rubik-VariableFont_wght.ttf */ = {isa = PBXFileReference; lastKnownFileType = file; path = "Rubik-VariableFont_wght.ttf"; sourceTree = "<group>"; };
		B563495F2937FA0200A0612E /* Styles.swift */ = {isa = PBXFileReference; lastKnownFileType = sourcecode.swift; path = Styles.swift; sourceTree = "<group>"; };
		B56349612938C39600A0612E /* OrangeButton.swift */ = {isa = PBXFileReference; lastKnownFileType = sourcecode.swift; path = OrangeButton.swift; sourceTree = "<group>"; };
		B56349692938FB4600A0612E /* CurrentTableViewCell.swift */ = {isa = PBXFileReference; lastKnownFileType = sourcecode.swift; path = CurrentTableViewCell.swift; sourceTree = "<group>"; };
		B563496B2938FB5500A0612E /* HourlyTableViewCell.swift */ = {isa = PBXFileReference; lastKnownFileType = sourcecode.swift; path = HourlyTableViewCell.swift; sourceTree = "<group>"; };
		B563496D2938FB6D00A0612E /* DailyTitleTableViewCell.swift */ = {isa = PBXFileReference; lastKnownFileType = sourcecode.swift; path = DailyTitleTableViewCell.swift; sourceTree = "<group>"; };
		B563496F2938FB7900A0612E /* DailyTableViewCell.swift */ = {isa = PBXFileReference; lastKnownFileType = sourcecode.swift; path = DailyTableViewCell.swift; sourceTree = "<group>"; };
/* End PBXFileReference section */

/* Begin PBXFrameworksBuildPhase section */
		B56349222937E77F00A0612E /* Frameworks */ = {
			isa = PBXFrameworksBuildPhase;
			buildActionMask = 2147483647;
			files = (
			);
			runOnlyForDeploymentPostprocessing = 0;
		};
/* End PBXFrameworksBuildPhase section */

/* Begin PBXGroup section */
		B563491C2937E77F00A0612E = {
			isa = PBXGroup;
			children = (
				B56349272937E77F00A0612E /* WeatherApp */,
				B56349262937E77F00A0612E /* Products */,
			);
			sourceTree = "<group>";
		};
		B56349262937E77F00A0612E /* Products */ = {
			isa = PBXGroup;
			children = (
				B56349252937E77F00A0612E /* WeatherApp.app */,
			);
			name = Products;
			sourceTree = "<group>";
		};
		B56349272937E77F00A0612E /* WeatherApp */ = {
			isa = PBXGroup;
			children = (
				B563495E2937F9F400A0612E /* UI */,
				B56349502937F19D00A0612E /* Controllers */,
				B56349422937E81400A0612E /* Coordinator */,
				B56349282937E77F00A0612E /* AppDelegate.swift */,
				B563492A2937E77F00A0612E /* SceneDelegate.swift */,
				B56349492937F15900A0612E /* Models */,
				B56349342937E78000A0612E /* Assets.xcassets */,
				B563495C2937F44900A0612E /* Fonts */,
				B56349362937E78000A0612E /* LaunchScreen.storyboard */,
				B56349392937E78000A0612E /* Info.plist */,
				B56349312937E77F00A0612E /* WeatherApp.xcdatamodeld */,
			);
			path = WeatherApp;
			sourceTree = "<group>";
		};
		B56349422937E81400A0612E /* Coordinator */ = {
			isa = PBXGroup;
			children = (
				B56349432937E82100A0612E /* Coordinator.swift */,
				B56349452937ECE400A0612E /* MainCoordinator.swift */,
			);
			path = Coordinator;
			sourceTree = "<group>";
		};
		B56349492937F15900A0612E /* Models */ = {
			isa = PBXGroup;
			children = (
				B563494B2937F17100A0612E /* LocationManager.swift */,
				B563494C2937F17100A0612E /* WeatherManager.swift */,
				B563494A2937F17100A0612E /* WeatherModels.swift */,
			);
			path = Models;
			sourceTree = "<group>";
		};
		B56349502937F19D00A0612E /* Controllers */ = {
			isa = PBXGroup;
			children = (
				B56349672938FB1F00A0612E /* MainViewController */,
				B56349512937F1B500A0612E /* OnboardingViewController.swift */,
				B56349532937F1C400A0612E /* SettingsViewController.swift */,
				B56349552937F1EB00A0612E /* DailyViewController.swift */,
				B56349572937F21600A0612E /* DetailsViewController.swift */,
			);
			path = Controllers;
			sourceTree = "<group>";
		};
		B563495C2937F44900A0612E /* Fonts */ = {
			isa = PBXGroup;
			children = (
				B563495B2937F43B00A0612E /* Rubik-VariableFont_wght.ttf */,
			);
			path = Fonts;
			sourceTree = "<group>";
		};
		B563495E2937F9F400A0612E /* UI */ = {
			isa = PBXGroup;
			children = (
				B563495F2937FA0200A0612E /* Styles.swift */,
				B56349612938C39600A0612E /* OrangeButton.swift */,
			);
			path = UI;
			sourceTree = "<group>";
		};
		B56349672938FB1F00A0612E /* MainViewController */ = {
			isa = PBXGroup;
			children = (
				B56349472937ED4500A0612E /* MainViewController.swift */,
				B56349682938FB2A00A0612E /* TableViewCells */,
			);
			path = MainViewController;
			sourceTree = "<group>";
		};
		B56349682938FB2A00A0612E /* TableViewCells */ = {
			isa = PBXGroup;
			children = (
				B56349692938FB4600A0612E /* CurrentTableViewCell.swift */,
				B563496B2938FB5500A0612E /* HourlyTableViewCell.swift */,
				B563496D2938FB6D00A0612E /* DailyTitleTableViewCell.swift */,
				B563496F2938FB7900A0612E /* DailyTableViewCell.swift */,
			);
			path = TableViewCells;
			sourceTree = "<group>";
		};
/* End PBXGroup section */

/* Begin PBXNativeTarget section */
		B56349242937E77F00A0612E /* WeatherApp */ = {
			isa = PBXNativeTarget;
			buildConfigurationList = B563493C2937E78000A0612E /* Build configuration list for PBXNativeTarget "WeatherApp" */;
			buildPhases = (
				B56349212937E77F00A0612E /* Sources */,
				B56349222937E77F00A0612E /* Frameworks */,
				B56349232937E77F00A0612E /* Resources */,
			);
			buildRules = (
			);
			dependencies = (
			);
			name = WeatherApp;
			productName = WeatherApp;
			productReference = B56349252937E77F00A0612E /* WeatherApp.app */;
			productType = "com.apple.product-type.application";
		};
/* End PBXNativeTarget section */

/* Begin PBXProject section */
		B563491D2937E77F00A0612E /* Project object */ = {
			isa = PBXProject;
			attributes = {
				BuildIndependentTargetsInParallel = 1;
				LastSwiftUpdateCheck = 1410;
				LastUpgradeCheck = 1410;
				TargetAttributes = {
					B56349242937E77F00A0612E = {
						CreatedOnToolsVersion = 14.1;
					};
				};
			};
			buildConfigurationList = B56349202937E77F00A0612E /* Build configuration list for PBXProject "WeatherApp" */;
			compatibilityVersion = "Xcode 14.0";
			developmentRegion = en;
			hasScannedForEncodings = 0;
			knownRegions = (
				en,
				Base,
			);
			mainGroup = B563491C2937E77F00A0612E;
			productRefGroup = B56349262937E77F00A0612E /* Products */;
			projectDirPath = "";
			projectRoot = "";
			targets = (
				B56349242937E77F00A0612E /* WeatherApp */,
			);
		};
/* End PBXProject section */

/* Begin PBXResourcesBuildPhase section */
		B56349232937E77F00A0612E /* Resources */ = {
			isa = PBXResourcesBuildPhase;
			buildActionMask = 2147483647;
			files = (
				B563495D2937F52500A0612E /* Rubik-VariableFont_wght.ttf in Resources */,
				B56349382937E78000A0612E /* LaunchScreen.storyboard in Resources */,
				B56349352937E78000A0612E /* Assets.xcassets in Resources */,
			);
			runOnlyForDeploymentPostprocessing = 0;
		};
/* End PBXResourcesBuildPhase section */

/* Begin PBXSourcesBuildPhase section */
		B56349212937E77F00A0612E /* Sources */ = {
			isa = PBXSourcesBuildPhase;
			buildActionMask = 2147483647;
			files = (
				B56349332937E77F00A0612E /* WeatherApp.xcdatamodeld in Sources */,
				B56349702938FB7900A0612E /* DailyTableViewCell.swift in Sources */,
				B56349602937FA0200A0612E /* Styles.swift in Sources */,
				B563494D2937F17100A0612E /* WeatherModels.swift in Sources */,
				B56349562937F1EB00A0612E /* DailyViewController.swift in Sources */,
				B56349622938C39600A0612E /* OrangeButton.swift in Sources */,
				B563496C2938FB5500A0612E /* HourlyTableViewCell.swift in Sources */,
				B56349542937F1C400A0612E /* SettingsViewController.swift in Sources */,
				B56349462937ECE400A0612E /* MainCoordinator.swift in Sources */,
				B56349442937E82100A0612E /* Coordinator.swift in Sources */,
				B563494E2937F17100A0612E /* LocationManager.swift in Sources */,
				B56349482937ED4500A0612E /* MainViewController.swift in Sources */,
				B563494F2937F17100A0612E /* WeatherManager.swift in Sources */,
				B563496A2938FB4600A0612E /* CurrentTableViewCell.swift in Sources */,
				B56349522937F1B500A0612E /* OnboardingViewController.swift in Sources */,
				B56349292937E77F00A0612E /* AppDelegate.swift in Sources */,
				B56349582937F21600A0612E /* DetailsViewController.swift in Sources */,
				B563496E2938FB6D00A0612E /* DailyTitleTableViewCell.swift in Sources */,
				B563492B2937E77F00A0612E /* SceneDelegate.swift in Sources */,
			);
			runOnlyForDeploymentPostprocessing = 0;
		};
/* End PBXSourcesBuildPhase section */

/* Begin PBXVariantGroup section */
		B56349362937E78000A0612E /* LaunchScreen.storyboard */ = {
			isa = PBXVariantGroup;
			children = (
				B56349372937E78000A0612E /* Base */,
			);
			name = LaunchScreen.storyboard;
			sourceTree = "<group>";
		};
/* End PBXVariantGroup section */

/* Begin XCBuildConfiguration section */
		B563493A2937E78000A0612E /* Debug */ = {
			isa = XCBuildConfiguration;
			buildSettings = {
				ALWAYS_SEARCH_USER_PATHS = NO;
				CLANG_ANALYZER_NONNULL = YES;
				CLANG_ANALYZER_NUMBER_OBJECT_CONVERSION = YES_AGGRESSIVE;
				CLANG_CXX_LANGUAGE_STANDARD = "gnu++20";
				CLANG_ENABLE_MODULES = YES;
				CLANG_ENABLE_OBJC_ARC = YES;
				CLANG_ENABLE_OBJC_WEAK = YES;
				CLANG_WARN_BLOCK_CAPTURE_AUTORELEASING = YES;
				CLANG_WARN_BOOL_CONVERSION = YES;
				CLANG_WARN_COMMA = YES;
				CLANG_WARN_CONSTANT_CONVERSION = YES;
				CLANG_WARN_DEPRECATED_OBJC_IMPLEMENTATIONS = YES;
				CLANG_WARN_DIRECT_OBJC_ISA_USAGE = YES_ERROR;
				CLANG_WARN_DOCUMENTATION_COMMENTS = YES;
				CLANG_WARN_EMPTY_BODY = YES;
				CLANG_WARN_ENUM_CONVERSION = YES;
				CLANG_WARN_INFINITE_RECURSION = YES;
				CLANG_WARN_INT_CONVERSION = YES;
				CLANG_WARN_NON_LITERAL_NULL_CONVERSION = YES;
				CLANG_WARN_OBJC_IMPLICIT_RETAIN_SELF = YES;
				CLANG_WARN_OBJC_LITERAL_CONVERSION = YES;
				CLANG_WARN_OBJC_ROOT_CLASS = YES_ERROR;
				CLANG_WARN_QUOTED_INCLUDE_IN_FRAMEWORK_HEADER = YES;
				CLANG_WARN_RANGE_LOOP_ANALYSIS = YES;
				CLANG_WARN_STRICT_PROTOTYPES = YES;
				CLANG_WARN_SUSPICIOUS_MOVE = YES;
				CLANG_WARN_UNGUARDED_AVAILABILITY = YES_AGGRESSIVE;
				CLANG_WARN_UNREACHABLE_CODE = YES;
				CLANG_WARN__DUPLICATE_METHOD_MATCH = YES;
				COPY_PHASE_STRIP = NO;
				DEBUG_INFORMATION_FORMAT = dwarf;
				ENABLE_STRICT_OBJC_MSGSEND = YES;
				ENABLE_TESTABILITY = YES;
				GCC_C_LANGUAGE_STANDARD = gnu11;
				GCC_DYNAMIC_NO_PIC = NO;
				GCC_NO_COMMON_BLOCKS = YES;
				GCC_OPTIMIZATION_LEVEL = 0;
				GCC_PREPROCESSOR_DEFINITIONS = (
					"DEBUG=1",
					"$(inherited)",
				);
				GCC_WARN_64_TO_32_BIT_CONVERSION = YES;
				GCC_WARN_ABOUT_RETURN_TYPE = YES_ERROR;
				GCC_WARN_UNDECLARED_SELECTOR = YES;
				GCC_WARN_UNINITIALIZED_AUTOS = YES_AGGRESSIVE;
				GCC_WARN_UNUSED_FUNCTION = YES;
				GCC_WARN_UNUSED_VARIABLE = YES;
				IPHONEOS_DEPLOYMENT_TARGET = 16.1;
				MTL_ENABLE_DEBUG_INFO = INCLUDE_SOURCE;
				MTL_FAST_MATH = YES;
				ONLY_ACTIVE_ARCH = YES;
				SDKROOT = iphoneos;
				SWIFT_ACTIVE_COMPILATION_CONDITIONS = DEBUG;
				SWIFT_OPTIMIZATION_LEVEL = "-Onone";
			};
			name = Debug;
		};
		B563493B2937E78000A0612E /* Release */ = {
			isa = XCBuildConfiguration;
			buildSettings = {
				ALWAYS_SEARCH_USER_PATHS = NO;
				CLANG_ANALYZER_NONNULL = YES;
				CLANG_ANALYZER_NUMBER_OBJECT_CONVERSION = YES_AGGRESSIVE;
				CLANG_CXX_LANGUAGE_STANDARD = "gnu++20";
				CLANG_ENABLE_MODULES = YES;
				CLANG_ENABLE_OBJC_ARC = YES;
				CLANG_ENABLE_OBJC_WEAK = YES;
				CLANG_WARN_BLOCK_CAPTURE_AUTORELEASING = YES;
				CLANG_WARN_BOOL_CONVERSION = YES;
				CLANG_WARN_COMMA = YES;
				CLANG_WARN_CONSTANT_CONVERSION = YES;
				CLANG_WARN_DEPRECATED_OBJC_IMPLEMENTATIONS = YES;
				CLANG_WARN_DIRECT_OBJC_ISA_USAGE = YES_ERROR;
				CLANG_WARN_DOCUMENTATION_COMMENTS = YES;
				CLANG_WARN_EMPTY_BODY = YES;
				CLANG_WARN_ENUM_CONVERSION = YES;
				CLANG_WARN_INFINITE_RECURSION = YES;
				CLANG_WARN_INT_CONVERSION = YES;
				CLANG_WARN_NON_LITERAL_NULL_CONVERSION = YES;
				CLANG_WARN_OBJC_IMPLICIT_RETAIN_SELF = YES;
				CLANG_WARN_OBJC_LITERAL_CONVERSION = YES;
				CLANG_WARN_OBJC_ROOT_CLASS = YES_ERROR;
				CLANG_WARN_QUOTED_INCLUDE_IN_FRAMEWORK_HEADER = YES;
				CLANG_WARN_RANGE_LOOP_ANALYSIS = YES;
				CLANG_WARN_STRICT_PROTOTYPES = YES;
				CLANG_WARN_SUSPICIOUS_MOVE = YES;
				CLANG_WARN_UNGUARDED_AVAILABILITY = YES_AGGRESSIVE;
				CLANG_WARN_UNREACHABLE_CODE = YES;
				CLANG_WARN__DUPLICATE_METHOD_MATCH = YES;
				COPY_PHASE_STRIP = NO;
				DEBUG_INFORMATION_FORMAT = "dwarf-with-dsym";
				ENABLE_NS_ASSERTIONS = NO;
				ENABLE_STRICT_OBJC_MSGSEND = YES;
				GCC_C_LANGUAGE_STANDARD = gnu11;
				GCC_NO_COMMON_BLOCKS = YES;
				GCC_WARN_64_TO_32_BIT_CONVERSION = YES;
				GCC_WARN_ABOUT_RETURN_TYPE = YES_ERROR;
				GCC_WARN_UNDECLARED_SELECTOR = YES;
				GCC_WARN_UNINITIALIZED_AUTOS = YES_AGGRESSIVE;
				GCC_WARN_UNUSED_FUNCTION = YES;
				GCC_WARN_UNUSED_VARIABLE = YES;
				IPHONEOS_DEPLOYMENT_TARGET = 16.1;
				MTL_ENABLE_DEBUG_INFO = NO;
				MTL_FAST_MATH = YES;
				SDKROOT = iphoneos;
				SWIFT_COMPILATION_MODE = wholemodule;
				SWIFT_OPTIMIZATION_LEVEL = "-O";
				VALIDATE_PRODUCT = YES;
			};
			name = Release;
		};
		B563493D2937E78000A0612E /* Debug */ = {
			isa = XCBuildConfiguration;
			buildSettings = {
				ASSETCATALOG_COMPILER_APPICON_NAME = AppIcon;
				ASSETCATALOG_COMPILER_GLOBAL_ACCENT_COLOR_NAME = AccentColor;
				CODE_SIGN_STYLE = Automatic;
				CURRENT_PROJECT_VERSION = 1;
				DEVELOPMENT_TEAM = J6J4USC39N;
				GENERATE_INFOPLIST_FILE = YES;
				INFOPLIST_FILE = WeatherApp/Info.plist;
				INFOPLIST_KEY_UIApplicationSupportsIndirectInputEvents = YES;
				INFOPLIST_KEY_UILaunchStoryboardName = LaunchScreen;
				INFOPLIST_KEY_UISupportedInterfaceOrientations = UIInterfaceOrientationPortrait;
				IPHONEOS_DEPLOYMENT_TARGET = 15.0;
				LD_RUNPATH_SEARCH_PATHS = (
					"$(inherited)",
					"@executable_path/Frameworks",
				);
				MARKETING_VERSION = 1.0;
				PRODUCT_BUNDLE_IDENTIFIER = com.bolgardanchenko.WeatherApp;
				PRODUCT_NAME = "$(TARGET_NAME)";
				SWIFT_EMIT_LOC_STRINGS = YES;
				SWIFT_VERSION = 5.0;
				TARGETED_DEVICE_FAMILY = "1,2";
			};
			name = Debug;
		};
		B563493E2937E78000A0612E /* Release */ = {
			isa = XCBuildConfiguration;
			buildSettings = {
				ASSETCATALOG_COMPILER_APPICON_NAME = AppIcon;
				ASSETCATALOG_COMPILER_GLOBAL_ACCENT_COLOR_NAME = AccentColor;
				CODE_SIGN_STYLE = Automatic;
				CURRENT_PROJECT_VERSION = 1;
				DEVELOPMENT_TEAM = J6J4USC39N;
				GENERATE_INFOPLIST_FILE = YES;
				INFOPLIST_FILE = WeatherApp/Info.plist;
				INFOPLIST_KEY_UIApplicationSupportsIndirectInputEvents = YES;
				INFOPLIST_KEY_UILaunchStoryboardName = LaunchScreen;
				INFOPLIST_KEY_UISupportedInterfaceOrientations = UIInterfaceOrientationPortrait;
				IPHONEOS_DEPLOYMENT_TARGET = 15.0;
				LD_RUNPATH_SEARCH_PATHS = (
					"$(inherited)",
					"@executable_path/Frameworks",
				);
				MARKETING_VERSION = 1.0;
				PRODUCT_BUNDLE_IDENTIFIER = com.bolgardanchenko.WeatherApp;
				PRODUCT_NAME = "$(TARGET_NAME)";
				SWIFT_EMIT_LOC_STRINGS = YES;
				SWIFT_VERSION = 5.0;
				TARGETED_DEVICE_FAMILY = "1,2";
			};
			name = Release;
		};
/* End XCBuildConfiguration section */

/* Begin XCConfigurationList section */
		B56349202937E77F00A0612E /* Build configuration list for PBXProject "WeatherApp" */ = {
			isa = XCConfigurationList;
			buildConfigurations = (
				B563493A2937E78000A0612E /* Debug */,
				B563493B2937E78000A0612E /* Release */,
			);
			defaultConfigurationIsVisible = 0;
			defaultConfigurationName = Release;
		};
		B563493C2937E78000A0612E /* Build configuration list for PBXNativeTarget "WeatherApp" */ = {
			isa = XCConfigurationList;
			buildConfigurations = (
				B563493D2937E78000A0612E /* Debug */,
				B563493E2937E78000A0612E /* Release */,
			);
			defaultConfigurationIsVisible = 0;
			defaultConfigurationName = Release;
		};
/* End XCConfigurationList section */

/* Begin XCVersionGroup section */
		B56349312937E77F00A0612E /* WeatherApp.xcdatamodeld */ = {
			isa = XCVersionGroup;
			children = (
				B56349322937E77F00A0612E /* WeatherApp.xcdatamodel */,
			);
			currentVersion = B56349322937E77F00A0612E /* WeatherApp.xcdatamodel */;
			path = WeatherApp.xcdatamodeld;
			sourceTree = "<group>";
			versionGroupType = wrapper.xcdatamodel;
		};
/* End XCVersionGroup section */
	};
	rootObject = B563491D2937E77F00A0612E /* Project object */;
}
